
Microsoft Visual Studio Solution File, Format Version 12.00
# Visual Studio Version 17
VisualStudioVersion = 17.2.32602.215
MinimumVisualStudioVersion = 10.0.40219.1
Project("{9A19103F-16F7-4668-BE54-9A1E7A4F7556}") = "Catcher.Web", "src\Catcher.Web\Catcher.Web.csproj", "{04F75182-4B2A-4833-9EC5-08EDB39D1CBD}"
EndProject
Project("{FAE04EC0-301F-11D3-BF4B-00C04F79EFBC}") = "Catcher.Service", "src\Catcher.Service\Catcher.Service.csproj", "{0D96FE4E-FC0A-46C0-89A0-00D7CD4FAD49}"
EndProject
Global
	GlobalSection(SolutionConfigurationPlatforms) = preSolution
		Debug|Any CPU = Debug|Any CPU
		Release|Any CPU = Release|Any CPU
	EndGlobalSection
	GlobalSection(ProjectConfigurationPlatforms) = postSolution
		{04F75182-4B2A-4833-9EC5-08EDB39D1CBD}.Debug|Any CPU.ActiveCfg = Debug|Any CPU
		{04F75182-4B2A-4833-9EC5-08EDB39D1CBD}.Debug|Any CPU.Build.0 = Debug|Any CPU
		{04F75182-4B2A-4833-9EC5-08EDB39D1CBD}.Release|Any CPU.ActiveCfg = Release|Any CPU
		{04F75182-4B2A-4833-9EC5-08EDB39D1CBD}.Release|Any CPU.Build.0 = Release|Any CPU
		{0D96FE4E-FC0A-46C0-89A0-00D7CD4FAD49}.Debug|Any CPU.ActiveCfg = Debug|Any CPU
		{0D96FE4E-FC0A-46C0-89A0-00D7CD4FAD49}.Debug|Any CPU.Build.0 = Debug|Any CPU
		{0D96FE4E-FC0A-46C0-89A0-00D7CD4FAD49}.Release|Any CPU.ActiveCfg = Release|Any CPU
		{0D96FE4E-FC0A-46C0-89A0-00D7CD4FAD49}.Release|Any CPU.Build.0 = Release|Any CPU
	EndGlobalSection
	GlobalSection(SolutionProperties) = preSolution
		HideSolutionNode = FALSE
	EndGlobalSection
	GlobalSection(ExtensibilityGlobals) = postSolution
		SolutionGuid = {379BC34B-4428-4C58-AF0D-30DB60715C55}
	EndGlobalSection
EndGlobal
